// !$*UTF8*$!
{
	archiveVersion = 1;
	classes = {
	};
	objectVersion = 56;
	objects = {

/* Begin PBXBuildFile section */
		92BDBF722A87FD4B00820FF4 /* AppNewsApp.swift in Sources */ = {isa = PBXBuildFile; fileRef = 92BDBF712A87FD4B00820FF4 /* AppNewsApp.swift */; };
		92BDBF742A87FD4B00820FF4 /* ContentView.swift in Sources */ = {isa = PBXBuildFile; fileRef = 92BDBF732A87FD4B00820FF4 /* ContentView.swift */; };
		92BDBF762A87FD4E00820FF4 /* Assets.xcassets in Resources */ = {isa = PBXBuildFile; fileRef = 92BDBF752A87FD4E00820FF4 /* Assets.xcassets */; };
		92BDBF792A87FD4E00820FF4 /* Preview Assets.xcassets in Resources */ = {isa = PBXBuildFile; fileRef = 92BDBF782A87FD4E00820FF4 /* Preview Assets.xcassets */; };
		92BDBF802A88049700820FF4 /* ModelApi.swift in Sources */ = {isa = PBXBuildFile; fileRef = 92BDBF7F2A88049700820FF4 /* ModelApi.swift */; };
		92BDBF822A88177C00820FF4 /* NewsDetailView.swift in Sources */ = {isa = PBXBuildFile; fileRef = 92BDBF812A88177C00820FF4 /* NewsDetailView.swift */; };
		92EA3A2E2A8A2EAB00110DC0 /* ArticleFetcher.swift in Sources */ = {isa = PBXBuildFile; fileRef = 92EA3A2D2A8A2EAB00110DC0 /* ArticleFetcher.swift */; };
		92EA3A302A8A2EEC00110DC0 /* ArticleSearcher.swift in Sources */ = {isa = PBXBuildFile; fileRef = 92EA3A2F2A8A2EEC00110DC0 /* ArticleSearcher.swift */; };
/* End PBXBuildFile section */

/* Begin PBXFileReference section */
		92BDBF6E2A87FD4B00820FF4 /* AppNews.app */ = {isa = PBXFileReference; explicitFileType = wrapper.application; includeInIndex = 0; path = AppNews.app; sourceTree = BUILT_PRODUCTS_DIR; };
		92BDBF712A87FD4B00820FF4 /* AppNewsApp.swift */ = {isa = PBXFileReference; lastKnownFileType = sourcecode.swift; path = AppNewsApp.swift; sourceTree = "<group>"; };
		92BDBF732A87FD4B00820FF4 /* ContentView.swift */ = {isa = PBXFileReference; lastKnownFileType = sourcecode.swift; path = ContentView.swift; sourceTree = "<group>"; };
		92BDBF752A87FD4E00820FF4 /* Assets.xcassets */ = {isa = PBXFileReference; lastKnownFileType = folder.assetcatalog; path = Assets.xcassets; sourceTree = "<group>"; };
		92BDBF782A87FD4E00820FF4 /* Preview Assets.xcassets */ = {isa = PBXFileReference; lastKnownFileType = folder.assetcatalog; path = "Preview Assets.xcassets"; sourceTree = "<group>"; };
		92BDBF7F2A88049700820FF4 /* ModelApi.swift */ = {isa = PBXFileReference; lastKnownFileType = sourcecode.swift; path = ModelApi.swift; sourceTree = "<group>"; };
		92BDBF812A88177C00820FF4 /* NewsDetailView.swift */ = {isa = PBXFileReference; lastKnownFileType = sourcecode.swift; path = NewsDetailView.swift; sourceTree = "<group>"; };
		92EA3A2D2A8A2EAB00110DC0 /* ArticleFetcher.swift */ = {isa = PBXFileReference; lastKnownFileType = sourcecode.swift; path = ArticleFetcher.swift; sourceTree = "<group>"; };
		92EA3A2F2A8A2EEC00110DC0 /* ArticleSearcher.swift */ = {isa = PBXFileReference; lastKnownFileType = sourcecode.swift; path = ArticleSearcher.swift; sourceTree = "<group>"; };
/* End PBXFileReference section */

/* Begin PBXFrameworksBuildPhase section */
		92BDBF6B2A87FD4B00820FF4 /* Frameworks */ = {
			isa = PBXFrameworksBuildPhase;
			buildActionMask = 2147483647;
			files = (
			);
			runOnlyForDeploymentPostprocessing = 0;
		};
/* End PBXFrameworksBuildPhase section */

/* Begin PBXGroup section */
		92BDBF652A87FD4B00820FF4 = {
			isa = PBXGroup;
			children = (
				92BDBF702A87FD4B00820FF4 /* AppNews */,
				92BDBF6F2A87FD4B00820FF4 /* Products */,
			);
			sourceTree = "<group>";
		};
		92BDBF6F2A87FD4B00820FF4 /* Products */ = {
			isa = PBXGroup;
			children = (
				92BDBF6E2A87FD4B00820FF4 /* AppNews.app */,
			);
			name = Products;
			sourceTree = "<group>";
		};
		92BDBF702A87FD4B00820FF4 /* AppNews */ = {
			isa = PBXGroup;
			children = (
				92EA3A2C2A8A2B3900110DC0 /* Logic */,
				92EA3A2B2A8A2B2E00110DC0 /* Model */,
				92EA3A2A2A8A2B2500110DC0 /* View */,
				92BDBF712A87FD4B00820FF4 /* AppNewsApp.swift */,
				92BDBF752A87FD4E00820FF4 /* Assets.xcassets */,
				92BDBF772A87FD4E00820FF4 /* Preview Content */,
			);
			path = AppNews;
			sourceTree = "<group>";
		};
		92BDBF772A87FD4E00820FF4 /* Preview Content */ = {
			isa = PBXGroup;
			children = (
				92BDBF782A87FD4E00820FF4 /* Preview Assets.xcassets */,
			);
			path = "Preview Content";
			sourceTree = "<group>";
		};
		92EA3A2A2A8A2B2500110DC0 /* View */ = {
			isa = PBXGroup;
			children = (
				92BDBF732A87FD4B00820FF4 /* ContentView.swift */,
				92BDBF812A88177C00820FF4 /* NewsDetailView.swift */,
			);
			path = View;
			sourceTree = "<group>";
		};
		92EA3A2B2A8A2B2E00110DC0 /* Model */ = {
			isa = PBXGroup;
			children = (
				92BDBF7F2A88049700820FF4 /* ModelApi.swift */,
			);
			path = Model;
			sourceTree = "<group>";
		};
		92EA3A2C2A8A2B3900110DC0 /* Logic */ = {
			isa = PBXGroup;
			children = (
				92EA3A2D2A8A2EAB00110DC0 /* ArticleFetcher.swift */,
				92EA3A2F2A8A2EEC00110DC0 /* ArticleSearcher.swift */,
			);
			path = Logic;
			sourceTree = "<group>";
		};
/* End PBXGroup section */

/* Begin PBXNativeTarget section */
		92BDBF6D2A87FD4B00820FF4 /* AppNews */ = {
			isa = PBXNativeTarget;
			buildConfigurationList = 92BDBF7C2A87FD4E00820FF4 /* Build configuration list for PBXNativeTarget "AppNews" */;
			buildPhases = (
				92BDBF6A2A87FD4B00820FF4 /* Sources */,
				92BDBF6B2A87FD4B00820FF4 /* Frameworks */,
				92BDBF6C2A87FD4B00820FF4 /* Resources */,
			);
			buildRules = (
			);
			dependencies = (
			);
			name = AppNews;
			productName = AppNews;
			productReference = 92BDBF6E2A87FD4B00820FF4 /* AppNews.app */;
			productType = "com.apple.product-type.application";
		};
/* End PBXNativeTarget section */

/* Begin PBXProject section */
		92BDBF662A87FD4B00820FF4 /* Project object */ = {
			isa = PBXProject;
			attributes = {
				BuildIndependentTargetsInParallel = 1;
				LastSwiftUpdateCheck = 1420;
				LastUpgradeCheck = 1420;
				TargetAttributes = {
					92BDBF6D2A87FD4B00820FF4 = {
						CreatedOnToolsVersion = 14.2;
					};
				};
			};
			buildConfigurationList = 92BDBF692A87FD4B00820FF4 /* Build configuration list for PBXProject "AppNews" */;
			compatibilityVersion = "Xcode 14.0";
			developmentRegion = en;
			hasScannedForEncodings = 0;
			knownRegions = (
				en,
				Base,
			);
			mainGroup = 92BDBF652A87FD4B00820FF4;
			productRefGroup = 92BDBF6F2A87FD4B00820FF4 /* Products */;
			projectDirPath = "";
			projectRoot = "";
			targets = (
				92BDBF6D2A87FD4B00820FF4 /* AppNews */,
			);
		};
/* End PBXProject section */

/* Begin PBXResourcesBuildPhase section */
		92BDBF6C2A87FD4B00820FF4 /* Resources */ = {
			isa = PBXResourcesBuildPhase;
			buildActionMask = 2147483647;
			files = (
				92BDBF792A87FD4E00820FF4 /* Preview Assets.xcassets in Resources */,
				92BDBF762A87FD4E00820FF4 /* Assets.xcassets in Resources */,
			);
			runOnlyForDeploymentPostprocessing = 0;
		};
/* End PBXResourcesBuildPhase section */

/* Begin PBXSourcesBuildPhase section */
		92BDBF6A2A87FD4B00820FF4 /* Sources */ = {
			isa = PBXSourcesBuildPhase;
			buildActionMask = 2147483647;
			files = (
				92BDBF802A88049700820FF4 /* ModelApi.swift in Sources */,
				92BDBF742A87FD4B00820FF4 /* ContentView.swift in Sources */,
				92EA3A2E2A8A2EAB00110DC0 /* ArticleFetcher.swift in Sources */,
				92BDBF822A88177C00820FF4 /* NewsDetailView.swift in Sources */,
				92BDBF722A87FD4B00820FF4 /* AppNewsApp.swift in Sources */,
				92EA3A302A8A2EEC00110DC0 /* ArticleSearcher.swift in Sources */,
			);
			runOnlyForDeploymentPostprocessing = 0;
		};
/* End PBXSourcesBuildPhase section */

/* Begin XCBuildConfiguration section */
		92BDBF7A2A87FD4E00820FF4 /* Debug */ = {
			isa = XCBuildConfiguration;
			buildSettings = {
				ALWAYS_SEARCH_USER_PATHS = NO;
				CLANG_ANALYZER_NONNULL = YES;
				CLANG_ANALYZER_NUMBER_OBJECT_CONVERSION = YES_AGGRESSIVE;
				CLANG_CXX_LANGUAGE_STANDARD = "gnu++20";
				CLANG_ENABLE_MODULES = YES;
				CLANG_ENABLE_OBJC_ARC = YES;
				CLANG_ENABLE_OBJC_WEAK = YES;
				CLANG_WARN_BLOCK_CAPTURE_AUTORELEASING = YES;
				CLANG_WARN_BOOL_CONVERSION = YES;
				CLANG_WARN_COMMA = YES;
				CLANG_WARN_CONSTANT_CONVERSION = YES;
				CLANG_WARN_DEPRECATED_OBJC_IMPLEMENTATIONS = YES;
				CLANG_WARN_DIRECT_OBJC_ISA_USAGE = YES_ERROR;
				CLANG_WARN_DOCUMENTATION_COMMENTS = YES;
				CLANG_WARN_EMPTY_BODY = YES;
				CLANG_WARN_ENUM_CONVERSION = YES;
				CLANG_WARN_INFINITE_RECURSION = YES;
				CLANG_WARN_INT_CONVERSION = YES;
				CLANG_WARN_NON_LITERAL_NULL_CONVERSION = YES;
				CLANG_WARN_OBJC_IMPLICIT_RETAIN_SELF = YES;
				CLANG_WARN_OBJC_LITERAL_CONVERSION = YES;
				CLANG_WARN_OBJC_ROOT_CLASS = YES_ERROR;
				CLANG_WARN_QUOTED_INCLUDE_IN_FRAMEWORK_HEADER = YES;
				CLANG_WARN_RANGE_LOOP_ANALYSIS = YES;
				CLANG_WARN_STRICT_PROTOTYPES = YES;
				CLANG_WARN_SUSPICIOUS_MOVE = YES;
				CLANG_WARN_UNGUARDED_AVAILABILITY = YES_AGGRESSIVE;
				CLANG_WARN_UNREACHABLE_CODE = YES;
				CLANG_WARN__DUPLICATE_METHOD_MATCH = YES;
				COPY_PHASE_STRIP = NO;
				DEBUG_INFORMATION_FORMAT = dwarf;
				ENABLE_STRICT_OBJC_MSGSEND = YES;
				ENABLE_TESTABILITY = YES;
				GCC_C_LANGUAGE_STANDARD = gnu11;
				GCC_DYNAMIC_NO_PIC = NO;
				GCC_NO_COMMON_BLOCKS = YES;
				GCC_OPTIMIZATION_LEVEL = 0;
				GCC_PREPROCESSOR_DEFINITIONS = (
					"DEBUG=1",
					"$(inherited)",
				);
				GCC_WARN_64_TO_32_BIT_CONVERSION = YES;
				GCC_WARN_ABOUT_RETURN_TYPE = YES_ERROR;
				GCC_WARN_UNDECLARED_SELECTOR = YES;
				GCC_WARN_UNINITIALIZED_AUTOS = YES_AGGRESSIVE;
				GCC_WARN_UNUSED_FUNCTION = YES;
				GCC_WARN_UNUSED_VARIABLE = YES;
				IPHONEOS_DEPLOYMENT_TARGET = 16.2;
				MTL_ENABLE_DEBUG_INFO = INCLUDE_SOURCE;
				MTL_FAST_MATH = YES;
				ONLY_ACTIVE_ARCH = YES;
				SDKROOT = iphoneos;
				SWIFT_ACTIVE_COMPILATION_CONDITIONS = DEBUG;
				SWIFT_OPTIMIZATION_LEVEL = "-Onone";
			};
			name = Debug;
		};
		92BDBF7B2A87FD4E00820FF4 /* Release */ = {
			isa = XCBuildConfiguration;
			buildSettings = {
				ALWAYS_SEARCH_USER_PATHS = NO;
				CLANG_ANALYZER_NONNULL = YES;
				CLANG_ANALYZER_NUMBER_OBJECT_CONVERSION = YES_AGGRESSIVE;
				CLANG_CXX_LANGUAGE_STANDARD = "gnu++20";
				CLANG_ENABLE_MODULES = YES;
				CLANG_ENABLE_OBJC_ARC = YES;
				CLANG_ENABLE_OBJC_WEAK = YES;
				CLANG_WARN_BLOCK_CAPTURE_AUTORELEASING = YES;
				CLANG_WARN_BOOL_CONVERSION = YES;
				CLANG_WARN_COMMA = YES;
				CLANG_WARN_CONSTANT_CONVERSION = YES;
				CLANG_WARN_DEPRECATED_OBJC_IMPLEMENTATIONS = YES;
				CLANG_WARN_DIRECT_OBJC_ISA_USAGE = YES_ERROR;
				CLANG_WARN_DOCUMENTATION_COMMENTS = YES;
				CLANG_WARN_EMPTY_BODY = YES;
				CLANG_WARN_ENUM_CONVERSION = YES;
				CLANG_WARN_INFINITE_RECURSION = YES;
				CLANG_WARN_INT_CONVERSION = YES;
				CLANG_WARN_NON_LITERAL_NULL_CONVERSION = YES;
				CLANG_WARN_OBJC_IMPLICIT_RETAIN_SELF = YES;
				CLANG_WARN_OBJC_LITERAL_CONVERSION = YES;
				CLANG_WARN_OBJC_ROOT_CLASS = YES_ERROR;
				CLANG_WARN_QUOTED_INCLUDE_IN_FRAMEWORK_HEADER = YES;
				CLANG_WARN_RANGE_LOOP_ANALYSIS = YES;
				CLANG_WARN_STRICT_PROTOTYPES = YES;
				CLANG_WARN_SUSPICIOUS_MOVE = YES;
				CLANG_WARN_UNGUARDED_AVAILABILITY = YES_AGGRESSIVE;
				CLANG_WARN_UNREACHABLE_CODE = YES;
				CLANG_WARN__DUPLICATE_METHOD_MATCH = YES;
				COPY_PHASE_STRIP = NO;
				DEBUG_INFORMATION_FORMAT = "dwarf-with-dsym";
				ENABLE_NS_ASSERTIONS = NO;
				ENABLE_STRICT_OBJC_MSGSEND = YES;
				GCC_C_LANGUAGE_STANDARD = gnu11;
				GCC_NO_COMMON_BLOCKS = YES;
				GCC_WARN_64_TO_32_BIT_CONVERSION = YES;
				GCC_WARN_ABOUT_RETURN_TYPE = YES_ERROR;
				GCC_WARN_UNDECLARED_SELECTOR = YES;
				GCC_WARN_UNINITIALIZED_AUTOS = YES_AGGRESSIVE;
				GCC_WARN_UNUSED_FUNCTION = YES;
				GCC_WARN_UNUSED_VARIABLE = YES;
				IPHONEOS_DEPLOYMENT_TARGET = 16.2;
				MTL_ENABLE_DEBUG_INFO = NO;
				MTL_FAST_MATH = YES;
				SDKROOT = iphoneos;
				SWIFT_COMPILATION_MODE = wholemodule;
				SWIFT_OPTIMIZATION_LEVEL = "-O";
				VALIDATE_PRODUCT = YES;
			};
			name = Release;
		};
		92BDBF7D2A87FD4E00820FF4 /* Debug */ = {
			isa = XCBuildConfiguration;
			buildSettings = {
				ASSETCATALOG_COMPILER_APPICON_NAME = AppIcon;
				ASSETCATALOG_COMPILER_GLOBAL_ACCENT_COLOR_NAME = AccentColor;
				CODE_SIGN_STYLE = Automatic;
				CURRENT_PROJECT_VERSION = 1;
				DEVELOPMENT_ASSET_PATHS = "\"AppNews/Preview Content\"";
				ENABLE_PREVIEWS = YES;
				GENERATE_INFOPLIST_FILE = YES;
				INFOPLIST_KEY_UIApplicationSceneManifest_Generation = YES;
				INFOPLIST_KEY_UIApplicationSupportsIndirectInputEvents = YES;
				INFOPLIST_KEY_UILaunchScreen_Generation = YES;
				INFOPLIST_KEY_UISupportedInterfaceOrientations_iPad = "UIInterfaceOrientationPortrait UIInterfaceOrientationPortraitUpsideDown UIInterfaceOrientationLandscapeLeft UIInterfaceOrientationLandscapeRight";
				INFOPLIST_KEY_UISupportedInterfaceOrientations_iPhone = "UIInterfaceOrientationPortrait UIInterfaceOrientationLandscapeLeft UIInterfaceOrientationLandscapeRight";
				LD_RUNPATH_SEARCH_PATHS = (
					"$(inherited)",
					"@executable_path/Frameworks",
				);
				MARKETING_VERSION = 1.0;
				PRODUCT_BUNDLE_IDENTIFIER = sd.AppNews;
				PRODUCT_NAME = "$(TARGET_NAME)";
				SWIFT_EMIT_LOC_STRINGS = YES;
				SWIFT_VERSION = 5.0;
				TARGETED_DEVICE_FAMILY = "1,2";
			};
			name = Debug;
		};
		92BDBF7E2A87FD4E00820FF4 /* Release */ = {
			isa = XCBuildConfiguration;
			buildSettings = {
				ASSETCATALOG_COMPILER_APPICON_NAME = AppIcon;
				ASSETCATALOG_COMPILER_GLOBAL_ACCENT_COLOR_NAME = AccentColor;
				CODE_SIGN_STYLE = Automatic;
				CURRENT_PROJECT_VERSION = 1;
				DEVELOPMENT_ASSET_PATHS = "\"AppNews/Preview Content\"";
				ENABLE_PREVIEWS = YES;
				GENERATE_INFOPLIST_FILE = YES;
				INFOPLIST_KEY_UIApplicationSceneManifest_Generation = YES;
				INFOPLIST_KEY_UIApplicationSupportsIndirectInputEvents = YES;
				INFOPLIST_KEY_UILaunchScreen_Generation = YES;
				INFOPLIST_KEY_UISupportedInterfaceOrientations_iPad = "UIInterfaceOrientationPortrait UIInterfaceOrientationPortraitUpsideDown UIInterfaceOrientationLandscapeLeft UIInterfaceOrientationLandscapeRight";
				INFOPLIST_KEY_UISupportedInterfaceOrientations_iPhone = "UIInterfaceOrientationPortrait UIInterfaceOrientationLandscapeLeft UIInterfaceOrientationLandscapeRight";
				LD_RUNPATH_SEARCH_PATHS = (
					"$(inherited)",
					"@executable_path/Frameworks",
				);
				MARKETING_VERSION = 1.0;
				PRODUCT_BUNDLE_IDENTIFIER = sd.AppNews;
				PRODUCT_NAME = "$(TARGET_NAME)";
				SWIFT_EMIT_LOC_STRINGS = YES;
				SWIFT_VERSION = 5.0;
				TARGETED_DEVICE_FAMILY = "1,2";
			};
			name = Release;
		};
/* End XCBuildConfiguration section */

/* Begin XCConfigurationList section */
		92BDBF692A87FD4B00820FF4 /* Build configuration list for PBXProject "AppNews" */ = {
			isa = XCConfigurationList;
			buildConfigurations = (
				92BDBF7A2A87FD4E00820FF4 /* Debug */,
				92BDBF7B2A87FD4E00820FF4 /* Release */,
			);
			defaultConfigurationIsVisible = 0;
			defaultConfigurationName = Release;
		};
		92BDBF7C2A87FD4E00820FF4 /* Build configuration list for PBXNativeTarget "AppNews" */ = {
			isa = XCConfigurationList;
			buildConfigurations = (
				92BDBF7D2A87FD4E00820FF4 /* Debug */,
				92BDBF7E2A87FD4E00820FF4 /* Release */,
			);
			defaultConfigurationIsVisible = 0;
			defaultConfigurationName = Release;
		};
/* End XCConfigurationList section */
	};
	rootObject = 92BDBF662A87FD4B00820FF4 /* Project object */;
}
